
Microsoft Visual Studio Solution File, Format Version 12.00
# Visual Studio Version 16
VisualStudioVersion = 16.0.32407.337
MinimumVisualStudioVersion = 10.0.40219.1
Project("{8BC9CEB8-8B4A-11D0-8D11-00A0C91BC942}") = "P4_FirstCProgram", "P4_FirstCProgram\P4_FirstCProgram.vcxproj", "{EFA05333-B7F4-4E75-BE2A-58AEA5EC7FBD}"
EndProject
Global
	GlobalSection(SolutionConfigurationPlatforms) = preSolution
		Debug|x64 = Debug|x64
		Debug|x86 = Debug|x86
		Release|x64 = Release|x64
		Release|x86 = Release|x86
	EndGlobalSection
	GlobalSection(ProjectConfigurationPlatforms) = postSolution
		{EFA05333-B7F4-4E75-BE2A-58AEA5EC7FBD}.Debug|x64.ActiveCfg = Debug|x64
		{EFA05333-B7F4-4E75-BE2A-58AEA5EC7FBD}.Debug|x64.Build.0 = Debug|x64
		{EFA05333-B7F4-4E75-BE2A-58AEA5EC7FBD}.Debug|x86.ActiveCfg = Debug|Win32
		{EFA05333-B7F4-4E75-BE2A-58AEA5EC7FBD}.Debug|x86.Build.0 = Debug|Win32
		{EFA05333-B7F4-4E75-BE2A-58AEA5EC7FBD}.Release|x64.ActiveCfg = Release|x64
		{EFA05333-B7F4-4E75-BE2A-58AEA5EC7FBD}.Release|x64.Build.0 = Release|x64
		{EFA05333-B7F4-4E75-BE2A-58AEA5EC7FBD}.Release|x86.ActiveCfg = Release|Win32
		{EFA05333-B7F4-4E75-BE2A-58AEA5EC7FBD}.Release|x86.Build.0 = Release|Win32
	EndGlobalSection
	GlobalSection(SolutionProperties) = preSolution
		HideSolutionNode = FALSE
	EndGlobalSection
	GlobalSection(ExtensibilityGlobals) = postSolution
		SolutionGuid = {CD0D0D66-3FAA-42D1-B060-DCED5A30EECD}
	EndGlobalSection
EndGlobal
